format=local-inference-jovian-foundation/v2
status=research-only
source.image=nvcr.io/nvidia/pytorch@sha256:237ecf9ac7373daf91b31bb4f86651ce1ce57b676366ed435aa1aba61dad81d5
source.image.platform=linux/arm64
source.date-epoch=1787294747
python.version=3.12
cuda.version=13.4.1
pytorch.version=2.14.0a0+4fdf77b940.nv26.8.63802676
pytorch.runtime-version=2.14.0a0+4fdf77b940.nv26.08
pytorch.commit=4fdf77b940a7e61d854b9be527884e38f32d335a
torchvision.version=0.29.0a0+0bc41e67.nv26.8.63802676
torchvision.commit=0bc41e67670d6a0ae5617c90e7b29a5c64ec0575
triton.version=3.8.0+git4c7e62b7.nv26.8
triton-kernels.version=1.0.0+git4c7e62b7.nv26.8
flash-attn.version=2.7.4.post1+git5231d95fe1.54157505
flash-attn.commit=5231d95fe1
nccl.version=2.31.2
nccl.commit=fb6f40999a2a9e63104d4ae4a84118bce61528f8
wheel.torch.installed-record.sha256=433be6d7672aa5178036918452d62dc6690b62896274a03dcc4c5c44fc5d3f89
wheel.torchvision.installed-record.sha256=1fa32bfe95a4398e38909b5921abd95685df1218c4019a277dba3570a4b66af1
wheel.triton.installed-record.sha256=466710ea971847bbf76b6c382e36f93355716936fb479dbd30e54ca003470dec
wheel.triton-kernels.installed-record.sha256=76511d73d2930b4db6d1471272b2b92028766c70f652639c3a6390d3d64f2bb2
wheel.flash-attn.installed-record.sha256=8090ec9d99e36dbdc4a13ca7aa7a0b13d8b1a8743adf6ee76bf30c0fa8b28649
source.cudnn.version=9.25.0.28
host.cudnn.version=9.26.0.51
host.cusparselt.version=0.9.1.1
host.driver.cuda13.minimum=580
host.driver.cuda134.features=615
buildx.builder=lil-wheel-cu134-arm64
uv.version=0.11.30
uv.sha256=9a4299a0c3bcc01012acbcdae7b5655e5087e0e5d87459306736a1420a902b81
uv.container-sha256=f9586244ba1c3741aa8d6ec7314cdbd30bc3b5f2173b2e418ceae6d319ecdf8f
uv.container-image=ghcr.io/astral-sh/uv:0.11.30@sha256:2f0a1c36ce6323e61bc81d39e692319669c03e385b592d670b6ba36dc884e3aa
