format=local-inference-jovian-foundation/v1
status=research-only
source.image=voipmonitor/vllm@sha256:03b67e53dda73c3fa317d4cb529ad38a220c51c7365ee8d54c16e5063fcc54e2
python.version=3.12
cuda.version=13.3
pytorch.version=2.13.0
pytorch.commit=cf30153c4c131c8164ee7798e5022d810682e2cb
torchvision.version=0.28.0
torchvision.commit=8fb87713a24951e639c494b0f2a8a81b5f8e33a6
xgrammar.version=0.2.5
xgrammar.commit=2ea71da4ccb997a06928c9fb69b99f330da56697
triton.version=3.7.1+gitf797708c.nv26.7
triton-kernels.version=1.0.0+gitf797708c.nv26.7
flash-attn.version=2.7.4.post1+git5231d95fe1.54157505
nccl.version=2.31.2
nccl.commit=fb6f40999a2a9e63104d4ae4a84118bce61528f8
wheel.torch.path=tmp/torch-wheels/torch-2.13.0-cp312-cp312-linux_x86_64.whl
wheel.torch.sha256=0c79204aac5c3f226a4218514b4b9c4ebb28e7d43e60243a4af7de66f81bb37c
wheel.torchvision.path=tmp/torchvision-wheels/torchvision-0.28.0-cp312-cp312-linux_x86_64.whl
wheel.torchvision.sha256=10ffd7dacd59061c8115d9fc44a839813f38282322ab2bd2734d5780e20c3e3a
wheel.xgrammar.path=tmp/xgrammar-wheels/xgrammar-0.2.5-cp312-cp312-linux_x86_64.whl
wheel.xgrammar.sha256=42c9fd96e98175ecfd58acfa2de4d2bbb3024d69f747b7b3fda748d48416f7e4
wheel.triton.path=tmp/dist/triton-3.7.1+gitf797708c.nv26.7-cp312-cp312-linux_x86_64.whl
wheel.triton.sha256=bfcf85b30c8c75f3e3f35208a19f7e78732a06467808cf8319721f6c4153f406
wheel.triton.installed-record.sha256=b504973b5896b3f4378015aa45921c9b4f107069b6c90ffaef04248b0790f503
wheel.triton-kernels.path=tmp/dist/triton_kernels-1.0.0+gitf797708c.nv26.7-py3-none-any.whl
wheel.triton-kernels.sha256=a6e1d414ebffeaca1c15b39ab3fb941c60bcad0c967d32003d49b55c32d2d424
wheel.triton-kernels.installed-record.sha256=94f9da9afb050f3151a5877b260f7cbc38e03548d31d6fac21e1695a75aba70b
wheel.flash-attn.path=opt/transfer/flash_attn-2.7.4.post1+git5231d95fe1.54157505-cp312-cp312-linux_x86_64.whl
wheel.flash-attn.sha256=b54ac6f8ec11911b7a11573dfe9dda536ace52240b676aac8073a76fbde4ceb3
wheel.flash-attn.installed-record.sha256=8090ec9d99e36dbdc4a13ca7aa7a0b13d8b1a8743adf6ee76bf30c0fa8b28649
native.nccl-library.path=opt/local-inference/nccl/lib/libnccl.so.2.31.2
native.nccl-library.sha256=d028ea782ce1798e6ad751d1e14f4b4516a8211a6289579a92f3bcde5e634a79
native.nccl-header.path=opt/local-inference/nccl/include/nccl.h
native.nccl-header.sha256=e80038b44f95d81cad88205e580e2b746bf5946e150697c8a9859a308f097382
native.nccl-device-header.path=opt/local-inference/nccl/include/nccl_device.h
native.nccl-device-header.sha256=35ea931f9616fafb61cd05372ea18b17d4cdcebcf6c346b0c19353ddd2004898
host.cudnn.version=9.24.0.43
host.cusparselt.version=0.9.1.1
buildx.builder=lil-flashinfer-cu133-sm120
uv.version=0.11.30
uv.sha256=9a4299a0c3bcc01012acbcdae7b5655e5087e0e5d87459306736a1420a902b81
